
Microsoft Visual Studio Solution File, Format Version 12.00
Project("{FAE04EC0-301F-11D3-BF4B-00C04F79EFBC}") = "WebApp", "WebApp\WebApp.csproj", "{E99A41B0-D377-4E1C-9BEC-5B31E71C5D1B}"
EndProject
Project("{FAE04EC0-301F-11D3-BF4B-00C04F79EFBC}") = "Base.Domain", "Base.Domain\Base.Domain.csproj", "{87DAE8B6-B61B-46D6-BA30-55E9DFCA8787}"
EndProject
Project("{FAE04EC0-301F-11D3-BF4B-00C04F79EFBC}") = "Base.Contracts.Domain", "Base.Contracts.Domain\Base.Contracts.Domain.csproj", "{EA3AF902-EAB2-45BD-83E8-B292A4DA5F2C}"
EndProject
Project("{FAE04EC0-301F-11D3-BF4B-00C04F79EFBC}") = "Base.DAL.EntityFramework", "Base.DAL.EntityFramework\Base.DAL.EntityFramework.csproj", "{406D3AE9-CA7A-4233-B8B0-6B12A0A51935}"
EndProject
Project("{FAE04EC0-301F-11D3-BF4B-00C04F79EFBC}") = "Base.Contracts.DAL", "Base.Contracts.DAL\Base.Contracts.DAL.csproj", "{B923FF2E-7EF3-462F-972A-3AD9F3DFE066}"
EndProject
Project("{FAE04EC0-301F-11D3-BF4B-00C04F79EFBC}") = "Base.Contracts.Base", "Base.Contracts.Base\Base.Contracts.Base.csproj", "{985859B7-F7EF-447F-B99E-2FD187325155}"
EndProject
Project("{FAE04EC0-301F-11D3-BF4B-00C04F79EFBC}") = "Base.DAL", "Base.DAL\Base.DAL.csproj", "{5B02FAE1-6E65-40FE-9B1D-2D6FA1199BC5}"
EndProject
Project("{FAE04EC0-301F-11D3-BF4B-00C04F79EFBC}") = "Base.Extensions", "Base.Extensions\Base.Extensions.csproj", "{79FDA484-2EDF-48AF-902F-C4A6BEE87AE9}"
EndProject
Project("{FAE04EC0-301F-11D3-BF4B-00C04F79EFBC}") = "Base.BLL", "Base.BLL\Base.BLL.csproj", "{B18268C8-BC1C-405C-BC93-92388EF66CB7}"
EndProject
Project("{FAE04EC0-301F-11D3-BF4B-00C04F79EFBC}") = "Base.Contracts.BLL", "Base.Contracts.BLL\Base.Contracts.BLL.csproj", "{930E3644-CD56-4DE6-834B-7363EC96ED26}"
EndProject
Project("{FAE04EC0-301F-11D3-BF4B-00C04F79EFBC}") = "IUnitOfWork", "IUnitOfWork\IUnitOfWork.csproj", "{0CE52AC8-61A0-4710-9FE7-7C2B1F89342D}"
EndProject
Project("{FAE04EC0-301F-11D3-BF4B-00C04F79EFBC}") = "App.Contracts.BLL", "App.Contracts.BLL\App.Contracts.BLL.csproj", "{A74652AD-F59E-4B99-A507-0BF9CCF69D9B}"
EndProject
Project("{FAE04EC0-301F-11D3-BF4B-00C04F79EFBC}") = "App.Contracts.DAL", "App.Contracts.DAL\App.Contracts.DAL.csproj", "{CA899F6B-70A0-4EE2-840E-FB4714D61CBE}"
EndProject
Project("{FAE04EC0-301F-11D3-BF4B-00C04F79EFBC}") = "App.DAL.EntityFramework", "App.DAL.EntityFramework\App.DAL.EntityFramework.csproj", "{E1642F19-DB5F-4EDD-8309-CC06B9C7AB81}"
EndProject
Project("{FAE04EC0-301F-11D3-BF4B-00C04F79EFBC}") = "App.Domain", "App.Domain\App.Domain.csproj", "{D8D88EDC-5DD2-42E1-938B-6DAC865D0069}"
EndProject
Project("{FAE04EC0-301F-11D3-BF4B-00C04F79EFBC}") = "App.BLL", "App.BLL\App.BLL.csproj", "{A7A00224-3DF3-4F4F-AA30-D6616300CA0A}"
EndProject
Project("{FAE04EC0-301F-11D3-BF4B-00C04F79EFBC}") = "App.DAL.DTO", "App.DAL.DTO\App.DAL.DTO.csproj", "{A5768D6B-DA28-40E6-AE0A-60EC9C65A675}"
EndProject
Project("{FAE04EC0-301F-11D3-BF4B-00C04F79EFBC}") = "App.BLL.DTO", "App.BLL.DTO\App.BLL.DTO.csproj", "{15861E31-01D9-49A7-B58F-1208B8993878}"
EndProject
Global
	GlobalSection(SolutionConfigurationPlatforms) = preSolution
		Debug|Any CPU = Debug|Any CPU
		Release|Any CPU = Release|Any CPU
	EndGlobalSection
	GlobalSection(ProjectConfigurationPlatforms) = postSolution
		{E99A41B0-D377-4E1C-9BEC-5B31E71C5D1B}.Debug|Any CPU.ActiveCfg = Debug|Any CPU
		{E99A41B0-D377-4E1C-9BEC-5B31E71C5D1B}.Debug|Any CPU.Build.0 = Debug|Any CPU
		{E99A41B0-D377-4E1C-9BEC-5B31E71C5D1B}.Release|Any CPU.ActiveCfg = Release|Any CPU
		{E99A41B0-D377-4E1C-9BEC-5B31E71C5D1B}.Release|Any CPU.Build.0 = Release|Any CPU
		{87DAE8B6-B61B-46D6-BA30-55E9DFCA8787}.Debug|Any CPU.ActiveCfg = Debug|Any CPU
		{87DAE8B6-B61B-46D6-BA30-55E9DFCA8787}.Debug|Any CPU.Build.0 = Debug|Any CPU
		{87DAE8B6-B61B-46D6-BA30-55E9DFCA8787}.Release|Any CPU.ActiveCfg = Release|Any CPU
		{87DAE8B6-B61B-46D6-BA30-55E9DFCA8787}.Release|Any CPU.Build.0 = Release|Any CPU
		{EA3AF902-EAB2-45BD-83E8-B292A4DA5F2C}.Debug|Any CPU.ActiveCfg = Debug|Any CPU
		{EA3AF902-EAB2-45BD-83E8-B292A4DA5F2C}.Debug|Any CPU.Build.0 = Debug|Any CPU
		{EA3AF902-EAB2-45BD-83E8-B292A4DA5F2C}.Release|Any CPU.ActiveCfg = Release|Any CPU
		{EA3AF902-EAB2-45BD-83E8-B292A4DA5F2C}.Release|Any CPU.Build.0 = Release|Any CPU
		{406D3AE9-CA7A-4233-B8B0-6B12A0A51935}.Debug|Any CPU.ActiveCfg = Debug|Any CPU
		{406D3AE9-CA7A-4233-B8B0-6B12A0A51935}.Debug|Any CPU.Build.0 = Debug|Any CPU
		{406D3AE9-CA7A-4233-B8B0-6B12A0A51935}.Release|Any CPU.ActiveCfg = Release|Any CPU
		{406D3AE9-CA7A-4233-B8B0-6B12A0A51935}.Release|Any CPU.Build.0 = Release|Any CPU
		{B923FF2E-7EF3-462F-972A-3AD9F3DFE066}.Debug|Any CPU.ActiveCfg = Debug|Any CPU
		{B923FF2E-7EF3-462F-972A-3AD9F3DFE066}.Debug|Any CPU.Build.0 = Debug|Any CPU
		{B923FF2E-7EF3-462F-972A-3AD9F3DFE066}.Release|Any CPU.ActiveCfg = Release|Any CPU
		{B923FF2E-7EF3-462F-972A-3AD9F3DFE066}.Release|Any CPU.Build.0 = Release|Any CPU
		{985859B7-F7EF-447F-B99E-2FD187325155}.Debug|Any CPU.ActiveCfg = Debug|Any CPU
		{985859B7-F7EF-447F-B99E-2FD187325155}.Debug|Any CPU.Build.0 = Debug|Any CPU
		{985859B7-F7EF-447F-B99E-2FD187325155}.Release|Any CPU.ActiveCfg = Release|Any CPU
		{985859B7-F7EF-447F-B99E-2FD187325155}.Release|Any CPU.Build.0 = Release|Any CPU
		{5B02FAE1-6E65-40FE-9B1D-2D6FA1199BC5}.Debug|Any CPU.ActiveCfg = Debug|Any CPU
		{5B02FAE1-6E65-40FE-9B1D-2D6FA1199BC5}.Debug|Any CPU.Build.0 = Debug|Any CPU
		{5B02FAE1-6E65-40FE-9B1D-2D6FA1199BC5}.Release|Any CPU.ActiveCfg = Release|Any CPU
		{5B02FAE1-6E65-40FE-9B1D-2D6FA1199BC5}.Release|Any CPU.Build.0 = Release|Any CPU
		{79FDA484-2EDF-48AF-902F-C4A6BEE87AE9}.Debug|Any CPU.ActiveCfg = Debug|Any CPU
		{79FDA484-2EDF-48AF-902F-C4A6BEE87AE9}.Debug|Any CPU.Build.0 = Debug|Any CPU
		{79FDA484-2EDF-48AF-902F-C4A6BEE87AE9}.Release|Any CPU.ActiveCfg = Release|Any CPU
		{79FDA484-2EDF-48AF-902F-C4A6BEE87AE9}.Release|Any CPU.Build.0 = Release|Any CPU
		{B18268C8-BC1C-405C-BC93-92388EF66CB7}.Debug|Any CPU.ActiveCfg = Debug|Any CPU
		{B18268C8-BC1C-405C-BC93-92388EF66CB7}.Debug|Any CPU.Build.0 = Debug|Any CPU
		{B18268C8-BC1C-405C-BC93-92388EF66CB7}.Release|Any CPU.ActiveCfg = Release|Any CPU
		{B18268C8-BC1C-405C-BC93-92388EF66CB7}.Release|Any CPU.Build.0 = Release|Any CPU
		{930E3644-CD56-4DE6-834B-7363EC96ED26}.Debug|Any CPU.ActiveCfg = Debug|Any CPU
		{930E3644-CD56-4DE6-834B-7363EC96ED26}.Debug|Any CPU.Build.0 = Debug|Any CPU
		{930E3644-CD56-4DE6-834B-7363EC96ED26}.Release|Any CPU.ActiveCfg = Release|Any CPU
		{930E3644-CD56-4DE6-834B-7363EC96ED26}.Release|Any CPU.Build.0 = Release|Any CPU
		{0CE52AC8-61A0-4710-9FE7-7C2B1F89342D}.Debug|Any CPU.ActiveCfg = Debug|Any CPU
		{0CE52AC8-61A0-4710-9FE7-7C2B1F89342D}.Debug|Any CPU.Build.0 = Debug|Any CPU
		{0CE52AC8-61A0-4710-9FE7-7C2B1F89342D}.Release|Any CPU.ActiveCfg = Release|Any CPU
		{0CE52AC8-61A0-4710-9FE7-7C2B1F89342D}.Release|Any CPU.Build.0 = Release|Any CPU
		{A74652AD-F59E-4B99-A507-0BF9CCF69D9B}.Debug|Any CPU.ActiveCfg = Debug|Any CPU
		{A74652AD-F59E-4B99-A507-0BF9CCF69D9B}.Debug|Any CPU.Build.0 = Debug|Any CPU
		{A74652AD-F59E-4B99-A507-0BF9CCF69D9B}.Release|Any CPU.ActiveCfg = Release|Any CPU
		{A74652AD-F59E-4B99-A507-0BF9CCF69D9B}.Release|Any CPU.Build.0 = Release|Any CPU
		{CA899F6B-70A0-4EE2-840E-FB4714D61CBE}.Debug|Any CPU.ActiveCfg = Debug|Any CPU
		{CA899F6B-70A0-4EE2-840E-FB4714D61CBE}.Debug|Any CPU.Build.0 = Debug|Any CPU
		{CA899F6B-70A0-4EE2-840E-FB4714D61CBE}.Release|Any CPU.ActiveCfg = Release|Any CPU
		{CA899F6B-70A0-4EE2-840E-FB4714D61CBE}.Release|Any CPU.Build.0 = Release|Any CPU
		{E1642F19-DB5F-4EDD-8309-CC06B9C7AB81}.Debug|Any CPU.ActiveCfg = Debug|Any CPU
		{E1642F19-DB5F-4EDD-8309-CC06B9C7AB81}.Debug|Any CPU.Build.0 = Debug|Any CPU
		{E1642F19-DB5F-4EDD-8309-CC06B9C7AB81}.Release|Any CPU.ActiveCfg = Release|Any CPU
		{E1642F19-DB5F-4EDD-8309-CC06B9C7AB81}.Release|Any CPU.Build.0 = Release|Any CPU
		{D8D88EDC-5DD2-42E1-938B-6DAC865D0069}.Debug|Any CPU.ActiveCfg = Debug|Any CPU
		{D8D88EDC-5DD2-42E1-938B-6DAC865D0069}.Debug|Any CPU.Build.0 = Debug|Any CPU
		{D8D88EDC-5DD2-42E1-938B-6DAC865D0069}.Release|Any CPU.ActiveCfg = Release|Any CPU
		{D8D88EDC-5DD2-42E1-938B-6DAC865D0069}.Release|Any CPU.Build.0 = Release|Any CPU
		{A7A00224-3DF3-4F4F-AA30-D6616300CA0A}.Debug|Any CPU.ActiveCfg = Debug|Any CPU
		{A7A00224-3DF3-4F4F-AA30-D6616300CA0A}.Debug|Any CPU.Build.0 = Debug|Any CPU
		{A7A00224-3DF3-4F4F-AA30-D6616300CA0A}.Release|Any CPU.ActiveCfg = Release|Any CPU
		{A7A00224-3DF3-4F4F-AA30-D6616300CA0A}.Release|Any CPU.Build.0 = Release|Any CPU
		{A5768D6B-DA28-40E6-AE0A-60EC9C65A675}.Debug|Any CPU.ActiveCfg = Debug|Any CPU
		{A5768D6B-DA28-40E6-AE0A-60EC9C65A675}.Debug|Any CPU.Build.0 = Debug|Any CPU
		{A5768D6B-DA28-40E6-AE0A-60EC9C65A675}.Release|Any CPU.ActiveCfg = Release|Any CPU
		{A5768D6B-DA28-40E6-AE0A-60EC9C65A675}.Release|Any CPU.Build.0 = Release|Any CPU
		{15861E31-01D9-49A7-B58F-1208B8993878}.Debug|Any CPU.ActiveCfg = Debug|Any CPU
		{15861E31-01D9-49A7-B58F-1208B8993878}.Debug|Any CPU.Build.0 = Debug|Any CPU
		{15861E31-01D9-49A7-B58F-1208B8993878}.Release|Any CPU.ActiveCfg = Release|Any CPU
		{15861E31-01D9-49A7-B58F-1208B8993878}.Release|Any CPU.Build.0 = Release|Any CPU
	EndGlobalSection
EndGlobal
